
Microsoft Visual Studio Solution File, Format Version 12.00
# Visual Studio Version 17
VisualStudioVersion = 17.14.36603.0 d17.14
MinimumVisualStudioVersion = 10.0.40219.1
Project("{FAE04EC0-301F-11D3-BF4B-00C04F79EFBC}") = "Ghete_Maria_Elena_L2", "Ghete_Maria_Elena_L2.csproj", "{8DE7881A-31EC-4DD4-8286-9C8B41985A2B}"
EndProject
Global
	GlobalSection(SolutionConfigurationPlatforms) = preSolution
		Debug|Any CPU = Debug|Any CPU
		Release|Any CPU = Release|Any CPU
	EndGlobalSection
	GlobalSection(ProjectConfigurationPlatforms) = postSolution
		{8DE7881A-31EC-4DD4-8286-9C8B41985A2B}.Debug|Any CPU.ActiveCfg = Debug|Any CPU
		{8DE7881A-31EC-4DD4-8286-9C8B41985A2B}.Debug|Any CPU.Build.0 = Debug|Any CPU
		{8DE7881A-31EC-4DD4-8286-9C8B41985A2B}.Release|Any CPU.ActiveCfg = Release|Any CPU
		{8DE7881A-31EC-4DD4-8286-9C8B41985A2B}.Release|Any CPU.Build.0 = Release|Any CPU
	EndGlobalSection
	GlobalSection(SolutionProperties) = preSolution
		HideSolutionNode = FALSE
	EndGlobalSection
	GlobalSection(ExtensibilityGlobals) = postSolution
		SolutionGuid = {B57CDCAD-B8E1-4B39-A554-F8CF9DF4B836}
	EndGlobalSection
EndGlobal
